
Microsoft Visual Studio Solution File, Format Version 12.00
# Visual Studio Version 16
VisualStudioVersion = 16.0.30611.23
MinimumVisualStudioVersion = 10.0.40219.1
Project("{8BC9CEB8-8B4A-11D0-8D11-00A0C91BC942}") = "DetectGPU", "DetectGPU.vcxproj", "{0B256E71-17CD-483C-B43D-327CBEC815BA}"
EndProject
Global
	GlobalSection(SolutionConfigurationPlatforms) = preSolution
		Debug|x64 = Debug|x64
		Debug|x86 = Debug|x86
		Release|x64 = Release|x64
		Release|x86 = Release|x86
	EndGlobalSection
	GlobalSection(ProjectConfigurationPlatforms) = postSolution
		{0B256E71-17CD-483C-B43D-327CBEC815BA}.Debug|x64.ActiveCfg = Debug|x64
		{0B256E71-17CD-483C-B43D-327CBEC815BA}.Debug|x64.Build.0 = Debug|x64
		{0B256E71-17CD-483C-B43D-327CBEC815BA}.Debug|x86.ActiveCfg = Debug|Win32
		{0B256E71-17CD-483C-B43D-327CBEC815BA}.Debug|x86.Build.0 = Debug|Win32
		{0B256E71-17CD-483C-B43D-327CBEC815BA}.Release|x64.ActiveCfg = Release|x64
		{0B256E71-17CD-483C-B43D-327CBEC815BA}.Release|x64.Build.0 = Release|x64
		{0B256E71-17CD-483C-B43D-327CBEC815BA}.Release|x86.ActiveCfg = Release|Win32
		{0B256E71-17CD-483C-B43D-327CBEC815BA}.Release|x86.Build.0 = Release|Win32
	EndGlobalSection
	GlobalSection(SolutionProperties) = preSolution
		HideSolutionNode = FALSE
	EndGlobalSection
	GlobalSection(ExtensibilityGlobals) = postSolution
		SolutionGuid = {CAC4B23C-2099-4F8C-AA83-550D5EFFA6F7}
	EndGlobalSection
EndGlobal
